// !$*UTF8*$!
{
	archiveVersion = 1;
	classes = {
	};
	objectVersion = 39;
	objects = {
		014CEA440018CDF011CA2923 = {
			buildSettings = {
				COPY_PHASE_STRIP = NO;
				CURRENT_PROJECT_VERSION = "";
				DEBUGGING_SYMBOLS = YES;
				DYLIB_COMPATIBILITY_VERSION = "";
				DYLIB_CURRENT_VERSION = "";
				GCC_DYNAMIC_NO_PIC = NO;
				GCC_ENABLE_FIX_AND_CONTINUE = YES;
				GCC_GENERATE_DEBUGGING_SYMBOLS = YES;
				GCC_OPTIMIZATION_LEVEL = 0;
				OPTIMIZATION_CFLAGS = "-O0";
				VERSIONING_SYSTEM = "";
				ZERO_LINK = YES;
			};
			isa = PBXBuildStyle;
			name = Development;
		};
		014CEA450018CDF011CA2923 = {
			buildSettings = {
				COPY_PHASE_STRIP = YES;
				DEAD_CODE_STRIPPING = NO;
				GCC_ENABLE_FIX_AND_CONTINUE = NO;
				VERSIONING_SYSTEM = "";
				ZERO_LINK = NO;
			};
			isa = PBXBuildStyle;
			name = Deployment;
		};
//010
//011
//012
//013
//014
//030
//031
//032
//033
//034
		034768DFFF38A50411DB9C8B = {
			children = (
				8DC2EF5B0486A6940098B216,
				AE923B2C05C3B1CE00549058,
				AE923B3605C3B1DF00549058,
				AE70B65405F7100400D56367,
				AEBED01906AFADB000451E26,
			);
			isa = PBXGroup;
			name = Products;
			refType = 4;
			sourceTree = "<group>";
		};
//030
//031
//032
//033
//034
//080
//081
//082
//083
//084
		0867D690FE84028FC02AAC07 = {
			buildSettings = {
			};
			buildStyles = (
				014CEA440018CDF011CA2923,
				014CEA450018CDF011CA2923,
			);
			hasScannedForEncodings = 1;
			isa = PBXProject;
			mainGroup = 0867D691FE84028FC02AAC07;
			productRefGroup = 034768DFFF38A50411DB9C8B;
			projectDirPath = "";
			targets = (
				8DC2EF4F0486A6940098B216,
				AE923B2B05C3B1CE00549058,
				AE923B3505C3B1DF00549058,
				AE70B65305F7100400D56367,
				AEBED01806AFADB000451E26,
				AE8CCFC30680B7D4008CA594,
			);
		};
		0867D691FE84028FC02AAC07 = {
			children = (
				AEA6373D06D16EAE004DF854,
				AEEB74D006B1BEFD00BE53E8,
				AEBED16806B0603600451E26,
				AE70B66E05F71E3F00D56367,
				AE923A0F05C3B11600549058,
				AE923B5B05C3B3A900549058,
				AE923B4E05C3B33400549058,
				AE70B65E05F71D3900D56367,
				AEBED01E06AFADBE00451E26,
				AE8CCDFB0680B4C1008CA594,
				0867D69AFE84028FC02AAC07,
				034768DFFF38A50411DB9C8B,
			);
			isa = PBXGroup;
			name = UnitKit;
			refType = 4;
			sourceTree = "<group>";
		};
		0867D69AFE84028FC02AAC07 = {
			children = (
				AE55498A06C5ACDC005FF2F3,
			);
			isa = PBXGroup;
			name = "External Frameworks and Libraries";
			refType = 4;
			sourceTree = "<group>";
		};
//080
//081
//082
//083
//084
//320
//321
//322
//323
//324
		32DBCF5E0370ADEE00C91783 = {
			fileEncoding = 4;
			isa = PBXFileReference;
			lastKnownFileType = text.xml;
			path = Info.plist;
			refType = 4;
			sourceTree = "<group>";
		};
//320
//321
//322
//323
//324
//8D0
//8D1
//8D2
//8D3
//8D4
		8DC2EF4F0486A6940098B216 = {
			buildPhases = (
				8DC2EF500486A6940098B216,
				8DC2EF520486A6940098B216,
				8DC2EF540486A6940098B216,
				8DC2EF560486A6940098B216,
				8DC2EF580486A6940098B216,
			);
			buildRules = (
			);
			buildSettings = {
				CURRENT_PROJECT_VERSION = "";
				DYLIB_COMPATIBILITY_VERSION = "";
				DYLIB_CURRENT_VERSION = "";
				FRAMEWORK_SEARCH_PATHS = "";
				FRAMEWORK_VERSION = A;
				GCC_ENABLE_OBJC_EXCEPTIONS = YES;
				GCC_ENABLE_TRIGRAPHS = NO;
				GCC_GENERATE_DEBUGGING_SYMBOLS = NO;
				GCC_PRECOMPILE_PREFIX_HEADER = YES;
				GCC_PREFIX_HEADER = Prefix.h;
				GCC_WARN_ABOUT_MISSING_PROTOTYPES = NO;
				GCC_WARN_FOUR_CHARACTER_CONSTANTS = NO;
				GCC_WARN_UNKNOWN_PRAGMAS = NO;
				HEADER_SEARCH_PATHS = "";
				INFOPLIST_FILE = "Framework Source/Info.plist";
				INSTALL_PATH = /Library/Frameworks;
				LIBRARY_SEARCH_PATHS = "";
				LIBRARY_STYLE = Dynamic;
				OTHER_LDFLAGS = "";
				PREBINDING = NO;
				PRODUCT_NAME = UnitKit;
				SECTORDER_FLAGS = "";
				VERSIONING_SYSTEM = "";
				WARNING_CFLAGS = "-Wmost -Wno-four-char-constants -Wno-unknown-pragmas";
				WRAPPER_EXTENSION = framework;
			};
			dependencies = (
			);
			isa = PBXNativeTarget;
			name = UnitKit;
			productInstallPath = "$(HOME)/Library/Frameworks";
			productName = UnitKit;
			productReference = 8DC2EF5B0486A6940098B216;
			productType = "com.apple.product-type.framework";
		};
		8DC2EF500486A6940098B216 = {
			buildActionMask = 2147483647;
			files = (
				8DC2EF510486A6940098B216,
				AE923B6E05C3B57600549058,
				AE923D8B05C3B9EC00549058,
				AE73F22105F1573200CAFD4D,
				AE613E6905F181AE009B020F,
				AE70B67005F71E3F00D56367,
			);
			isa = PBXHeadersBuildPhase;
			runOnlyForDeploymentPostprocessing = 0;
		};
		8DC2EF510486A6940098B216 = {
			fileRef = 32DBCF5E0370ADEE00C91783;
			isa = PBXBuildFile;
			settings = {
				ATTRIBUTES = (
				);
			};
		};
		8DC2EF520486A6940098B216 = {
			buildActionMask = 2147483647;
			files = (
				AE923B7105C3B62B00549058,
				AEFFFA71060140EB0002576C,
				AE41F3D206812A3F0044760C,
				AEBED16906B0603600451E26,
				AEEB74D106B1BEFD00BE53E8,
			);
			isa = PBXResourcesBuildPhase;
			runOnlyForDeploymentPostprocessing = 0;
		};
		8DC2EF540486A6940098B216 = {
			buildActionMask = 2147483647;
			files = (
				AE923D8C05C3B9EC00549058,
				AE613E6A05F181AE009B020F,
			);
			isa = PBXSourcesBuildPhase;
			runOnlyForDeploymentPostprocessing = 0;
		};
		8DC2EF560486A6940098B216 = {
			buildActionMask = 2147483647;
			files = (
				AE55498B06C5ACDC005FF2F3,
			);
			isa = PBXFrameworksBuildPhase;
			runOnlyForDeploymentPostprocessing = 0;
		};
		8DC2EF580486A6940098B216 = {
			buildActionMask = 2147483647;
			files = (
			);
			isa = PBXRezBuildPhase;
			runOnlyForDeploymentPostprocessing = 0;
		};
		8DC2EF5B0486A6940098B216 = {
			explicitFileType = wrapper.framework;
			includeInIndex = 0;
			isa = PBXFileReference;
			path = UnitKit.framework;
			refType = 3;
			sourceTree = BUILT_PRODUCTS_DIR;
		};
//8D0
//8D1
//8D2
//8D3
//8D4
//AE0
//AE1
//AE2
//AE3
//AE4
		AE39C80605FBFF7F0011F066 = {
			fileEncoding = 4;
			isa = PBXFileReference;
			lastKnownFileType = sourcecode.c.h;
			path = UKTaskTests.h;
			refType = 4;
			sourceTree = "<group>";
		};
		AE39C80705FBFF7F0011F066 = {
			fileEncoding = 4;
			isa = PBXFileReference;
			lastKnownFileType = sourcecode.c.objc;
			path = UKTaskTests.m;
			refType = 4;
			sourceTree = "<group>";
		};
		AE41F3CF06812A310044760C = {
			fileEncoding = 4;
			isa = PBXFileReference;
			lastKnownFileType = text.plist.strings;
			name = English;
			path = English.lproj/UKRunner.strings;
			refType = 4;
			sourceTree = "<group>";
		};
		AE41F3D106812A3F0044760C = {
			children = (
				AE41F3CF06812A310044760C,
			);
			isa = PBXVariantGroup;
			name = UKRunner.strings;
			refType = 4;
			sourceTree = "<group>";
		};
		AE41F3D206812A3F0044760C = {
			fileRef = AE41F3D106812A3F0044760C;
			isa = PBXBuildFile;
			settings = {
			};
		};
		AE43DAFC05C4DC7C00B9DFA5 = {
			buildActionMask = 12;
			files = (
			);
			inputPaths = (
			);
			isa = PBXShellScriptBuildPhase;
			outputPaths = (
			);
			runOnlyForDeploymentPostprocessing = 0;
			shellPath = /bin/bash;
			shellScript = "# export the build dir as the framework path and point\n# at the currently built ukrun so that we test out just\n# what's being built here and not an already installed\n# copy\nexport DYLD_FRAMEWORK_PATH=$LIBRARY_SEARCH_PATHS\n$BUILD_DIR/ukrun \"$BUILD_DIR/$PRODUCT_NAME.$WRAPPER_EXTENSION\"";
		};
		AE55498A06C5ACDC005FF2F3 = {
			isa = PBXFileReference;
			lastKnownFileType = wrapper.framework;
			name = Foundation.framework;
			path = /System/Library/Frameworks/Foundation.framework;
			refType = 0;
			sourceTree = "<absolute>";
		};
		AE55498B06C5ACDC005FF2F3 = {
			fileRef = AE55498A06C5ACDC005FF2F3;
			isa = PBXBuildFile;
			settings = {
			};
		};
		AE55498C06C5ACDC005FF2F3 = {
			fileRef = AE55498A06C5ACDC005FF2F3;
			isa = PBXBuildFile;
			settings = {
			};
		};
		AE55498D06C5ACDC005FF2F3 = {
			fileRef = AE55498A06C5ACDC005FF2F3;
			isa = PBXBuildFile;
			settings = {
			};
		};
		AE55498E06C5ACDC005FF2F3 = {
			fileRef = AE55498A06C5ACDC005FF2F3;
			isa = PBXBuildFile;
			settings = {
			};
		};
		AE55498F06C5ACDC005FF2F3 = {
			fileRef = AE55498A06C5ACDC005FF2F3;
			isa = PBXBuildFile;
			settings = {
			};
		};
		AE613E6705F181AE009B020F = {
			fileEncoding = 30;
			isa = PBXFileReference;
			lastKnownFileType = sourcecode.c.h;
			path = UKTestHandler.h;
			refType = 4;
			sourceTree = "<group>";
		};
		AE613E6805F181AE009B020F = {
			fileEncoding = 30;
			isa = PBXFileReference;
			lastKnownFileType = sourcecode.c.objc;
			path = UKTestHandler.m;
			refType = 4;
			sourceTree = "<group>";
		};
		AE613E6905F181AE009B020F = {
			fileRef = AE613E6705F181AE009B020F;
			isa = PBXBuildFile;
			settings = {
				ATTRIBUTES = (
					Public,
				);
			};
		};
		AE613E6A05F181AE009B020F = {
			fileRef = AE613E6805F181AE009B020F;
			isa = PBXBuildFile;
			settings = {
			};
		};
		AE702C3705FEC7920049C79F = {
			fileEncoding = 4;
			isa = PBXFileReference;
			lastKnownFileType = sourcecode.c.h;
			path = UKTestMessages.h;
			refType = 4;
			sourceTree = "<group>";
		};
		AE702C3805FEC7920049C79F = {
			fileEncoding = 4;
			isa = PBXFileReference;
			lastKnownFileType = sourcecode.c.objc;
			path = UKTestMessages.m;
			refType = 4;
			sourceTree = "<group>";
		};
		AE702C3905FEC7920049C79F = {
			fileRef = AE702C3705FEC7920049C79F;
			isa = PBXBuildFile;
			settings = {
			};
		};
		AE702C3A05FEC7920049C79F = {
			fileRef = AE702C3805FEC7920049C79F;
			isa = PBXBuildFile;
			settings = {
			};
		};
		AE702CC905FED1060049C79F = {
			fileEncoding = 4;
			isa = PBXFileReference;
			lastKnownFileType = sourcecode.c.h;
			path = UKRunnerTests.h;
			refType = 4;
			sourceTree = "<group>";
		};
		AE702CCA05FED1060049C79F = {
			fileEncoding = 4;
			isa = PBXFileReference;
			lastKnownFileType = sourcecode.c.objc;
			path = UKRunnerTests.m;
			refType = 4;
			sourceTree = "<group>";
		};
		AE702CCB05FED1060049C79F = {
			fileRef = AE702CC905FED1060049C79F;
			isa = PBXBuildFile;
			settings = {
			};
		};
		AE702CCC05FED1060049C79F = {
			fileRef = AE702CCA05FED1060049C79F;
			isa = PBXBuildFile;
			settings = {
			};
		};
		AE70B64E05F7100400D56367 = {
			buildActionMask = 2147483647;
			files = (
				AE70B66605F71D5500D56367,
				AE70B66F05F71E3F00D56367,
				AE70B72505F73A1F00D56367,
				AE70B72B05F73A3F00D56367,
			);
			isa = PBXHeadersBuildPhase;
			runOnlyForDeploymentPostprocessing = 0;
		};
		AE70B64F05F7100400D56367 = {
			buildActionMask = 2147483647;
			files = (
			);
			isa = PBXResourcesBuildPhase;
			runOnlyForDeploymentPostprocessing = 0;
		};
		AE70B65005F7100400D56367 = {
			buildActionMask = 2147483647;
			files = (
				AE70B66705F71D5500D56367,
				AE70B72605F73A1F00D56367,
				AE70B72C05F73A3F00D56367,
			);
			isa = PBXSourcesBuildPhase;
			runOnlyForDeploymentPostprocessing = 0;
		};
		AE70B65105F7100400D56367 = {
			buildActionMask = 2147483647;
			files = (
			);
			isa = PBXRezBuildPhase;
			runOnlyForDeploymentPostprocessing = 0;
		};
		AE70B65205F7100400D56367 = {
			buildActionMask = 2147483647;
			files = (
				AE70B66B05F71D8B00D56367,
				AE55498E06C5ACDC005FF2F3,
			);
			isa = PBXFrameworksBuildPhase;
			runOnlyForDeploymentPostprocessing = 0;
		};
		AE70B65305F7100400D56367 = {
			buildPhases = (
				AE70B64E05F7100400D56367,
				AE70B64F05F7100400D56367,
				AE70B65005F7100400D56367,
				AE70B65105F7100400D56367,
				AE70B65205F7100400D56367,
			);
			buildRules = (
			);
			buildSettings = {
				GCC_ENABLE_OBJC_EXCEPTIONS = YES;
				GCC_PRECOMPILE_PREFIX_HEADER = YES;
				GCC_PREFIX_HEADER = Prefix.h;
				GCC_WARN_FOUR_CHARACTER_CONSTANTS = NO;
				GCC_WARN_UNKNOWN_PRAGMAS = NO;
				INFOPLIST_FILE = "Test Source/TestBundle/Info.plist";
				INSTALL_PATH = "$(USER_LIBRARY_DIR)/Bundles";
				OTHER_CFLAGS = "";
				OTHER_LDFLAGS = "-framework Carbon";
				OTHER_REZFLAGS = "";
				PRODUCT_NAME = TestBundle;
				REZ_EXECUTABLE = NO;
				SECTORDER_FLAGS = "";
				WARNING_CFLAGS = "-Wmost";
			};
			dependencies = (
				AE70B65705F7100E00D56367,
			);
			isa = PBXNativeTarget;
			name = TestBundle;
			productName = UKTestBundle1;
			productReference = AE70B65405F7100400D56367;
			productSettingsXML = "<?xml version=\"1.0\" encoding=\"UTF-8\"?>
<!DOCTYPE plist PUBLIC \"-//Apple Computer//DTD PLIST 1.0//EN\" \"http://www.apple.com/DTDs/PropertyList-1.0.dtd\">
<plist version=\"1.0\">
<dict>
	<key>CFBundleDevelopmentRegion</key>
	<string>English</string>
	<key>CFBundleExecutable</key>
	<string>UKTestBundle1</string>
	<key>CFBundleGetInfoString</key>
	<string></string>
	<key>CFBundleIconFile</key>
	<string></string>
	<key>CFBundleIdentifier</key>
	<string>com.MySoftwareCompany.UKTestBundle1</string>
	<key>CFBundleInfoDictionaryVersion</key>
	<string>6.0</string>
	<key>CFBundlePackageType</key>
	<string>APPL</string>
	<key>CFBundleShortVersionString</key>
	<string>1</string>
	<key>CFBundleSignature</key>
	<string>????</string>
	<key>CFBundleVersion</key>
	<string>1.0.0d1</string>
	<key>CSResourcesFileMapped</key>
	<string>yes</string>
</dict>
</plist>
";
			productType = "com.apple.product-type.bundle";
		};
		AE70B65405F7100400D56367 = {
			explicitFileType = wrapper.cfbundle;
			includeInIndex = 0;
			isa = PBXFileReference;
			path = TestBundle.bundle;
			refType = 3;
			sourceTree = BUILT_PRODUCTS_DIR;
		};
		AE70B65505F7100400D56367 = {
			isa = PBXFileReference;
			lastKnownFileType = text.xml;
			path = Info.plist;
			refType = 4;
			sourceTree = "<group>";
		};
		AE70B65605F7100E00D56367 = {
			containerPortal = 0867D690FE84028FC02AAC07;
			isa = PBXContainerItemProxy;
			proxyType = 1;
			remoteGlobalIDString = 8DC2EF4F0486A6940098B216;
			remoteInfo = UnitKit;
		};
		AE70B65705F7100E00D56367 = {
			isa = PBXTargetDependency;
			target = 8DC2EF4F0486A6940098B216;
			targetProxy = AE70B65605F7100E00D56367;
		};
		AE70B65C05F7101600D56367 = {
			containerPortal = 0867D690FE84028FC02AAC07;
			isa = PBXContainerItemProxy;
			proxyType = 1;
			remoteGlobalIDString = AE70B65305F7100400D56367;
			remoteInfo = UKTestBundle1;
		};
		AE70B65D05F7101600D56367 = {
			isa = PBXTargetDependency;
			target = AE70B65305F7100400D56367;
			targetProxy = AE70B65C05F7101600D56367;
		};
		AE70B65E05F71D3900D56367 = {
			children = (
				AE70B66405F71D5500D56367,
				AE70B66505F71D5500D56367,
				AE70B72305F73A1F00D56367,
				AE70B72405F73A1F00D56367,
				AE70B72905F73A3F00D56367,
				AE70B72A05F73A3F00D56367,
				AE70B65505F7100400D56367,
			);
			isa = PBXGroup;
			name = TestBundle;
			path = "Test Source/TestBundle";
			refType = 2;
			sourceTree = SOURCE_ROOT;
		};
		AE70B66405F71D5500D56367 = {
			fileEncoding = 4;
			isa = PBXFileReference;
			lastKnownFileType = sourcecode.c.h;
			path = TestOne.h;
			refType = 4;
			sourceTree = "<group>";
		};
		AE70B66505F71D5500D56367 = {
			fileEncoding = 4;
			isa = PBXFileReference;
			lastKnownFileType = sourcecode.c.objc;
			path = TestOne.m;
			refType = 4;
			sourceTree = "<group>";
		};
		AE70B66605F71D5500D56367 = {
			fileRef = AE70B66405F71D5500D56367;
			isa = PBXBuildFile;
			settings = {
			};
		};
		AE70B66705F71D5500D56367 = {
			fileRef = AE70B66505F71D5500D56367;
			isa = PBXBuildFile;
			settings = {
			};
		};
		AE70B66B05F71D8B00D56367 = {
			fileRef = 8DC2EF5B0486A6940098B216;
			isa = PBXBuildFile;
			settings = {
			};
		};
		AE70B66E05F71E3F00D56367 = {
			fileEncoding = 30;
			isa = PBXFileReference;
			lastKnownFileType = sourcecode.c.h;
			path = Prefix.h;
			refType = 2;
			sourceTree = SOURCE_ROOT;
		};
		AE70B66F05F71E3F00D56367 = {
			fileRef = AE70B66E05F71E3F00D56367;
			isa = PBXBuildFile;
			settings = {
			};
		};
		AE70B67005F71E3F00D56367 = {
			fileRef = AE70B66E05F71E3F00D56367;
			isa = PBXBuildFile;
			settings = {
			};
		};
		AE70B67105F71E3F00D56367 = {
			fileRef = AE70B66E05F71E3F00D56367;
			isa = PBXBuildFile;
			settings = {
			};
		};
		AE70B67205F71E3F00D56367 = {
			fileRef = AE70B66E05F71E3F00D56367;
			isa = PBXBuildFile;
			settings = {
			};
		};
		AE70B72305F73A1F00D56367 = {
			fileEncoding = 4;
			isa = PBXFileReference;
			lastKnownFileType = sourcecode.c.h;
			path = TestTwo.h;
			refType = 4;
			sourceTree = "<group>";
		};
		AE70B72405F73A1F00D56367 = {
			fileEncoding = 4;
			isa = PBXFileReference;
			lastKnownFileType = sourcecode.c.objc;
			path = TestTwo.m;
			refType = 4;
			sourceTree = "<group>";
		};
		AE70B72505F73A1F00D56367 = {
			fileRef = AE70B72305F73A1F00D56367;
			isa = PBXBuildFile;
			settings = {
			};
		};
		AE70B72605F73A1F00D56367 = {
			fileRef = AE70B72405F73A1F00D56367;
			isa = PBXBuildFile;
			settings = {
			};
		};
		AE70B72905F73A3F00D56367 = {
			fileEncoding = 4;
			isa = PBXFileReference;
			lastKnownFileType = sourcecode.c.h;
			path = TestThree.h;
			refType = 4;
			sourceTree = "<group>";
		};
		AE70B72A05F73A3F00D56367 = {
			fileEncoding = 4;
			isa = PBXFileReference;
			lastKnownFileType = sourcecode.c.objc;
			path = TestThree.m;
			refType = 4;
			sourceTree = "<group>";
		};
		AE70B72B05F73A3F00D56367 = {
			fileRef = AE70B72905F73A3F00D56367;
			isa = PBXBuildFile;
			settings = {
			};
		};
		AE70B72C05F73A3F00D56367 = {
			fileRef = AE70B72A05F73A3F00D56367;
			isa = PBXBuildFile;
			settings = {
			};
		};
		AE73F21F05F1573200CAFD4D = {
			fileEncoding = 4;
			isa = PBXFileReference;
			lastKnownFileType = sourcecode.c.h;
			path = UKTest.h;
			refType = 4;
			sourceTree = "<group>";
		};
		AE73F22105F1573200CAFD4D = {
			fileRef = AE73F21F05F1573200CAFD4D;
			isa = PBXBuildFile;
			settings = {
				ATTRIBUTES = (
					Public,
				);
			};
		};
		AE8CCDFB0680B4C1008CA594 = {
			children = (
				AE8CCE010680B4E6008CA594,
				AE8CCDFE0680B4D9008CA594,
			);
			isa = PBXGroup;
			name = "Xcode Integration";
			refType = 4;
			sourceTree = "<group>";
		};
		AE8CCDFE0680B4D9008CA594 = {
			children = (
				AE8CCF680680B539008CA594,
				AE8CCF690680B539008CA594,
				AE8CCF6A0680B539008CA594,
			);
			isa = PBXGroup;
			name = "File Templates";
			refType = 4;
			sourceTree = "<group>";
		};
		AE8CCE010680B4E6008CA594 = {
			children = (
				AE8CCF780680B56F008CA594,
			);
			isa = PBXGroup;
			name = "Target Templates";
			refType = 4;
			sourceTree = "<group>";
		};
		AE8CCF680680B539008CA594 = {
			fileEncoding = 30;
			isa = PBXFileReference;
			lastKnownFileType = sourcecode.c.h;
			name = class.h;
			path = "Xcode Integration/File Templates/class.h";
			refType = 4;
			sourceTree = "<group>";
		};
		AE8CCF690680B539008CA594 = {
			fileEncoding = 30;
			isa = PBXFileReference;
			lastKnownFileType = sourcecode.c.objc;
			name = class.m;
			path = "Xcode Integration/File Templates/class.m";
			refType = 4;
			sourceTree = "<group>";
		};
		AE8CCF6A0680B539008CA594 = {
			fileEncoding = 30;
			isa = PBXFileReference;
			lastKnownFileType = text.xml;
			name = TemplateInfo.plist;
			path = "Xcode Integration/File Templates/TemplateInfo.plist";
			refType = 4;
			sourceTree = "<group>";
		};
		AE8CCF780680B56F008CA594 = {
			fileEncoding = 30;
			isa = PBXFileReference;
			lastKnownFileType = text;
			name = "UnitKit Bundle.trgttmpl";
			path = "Xcode Integration/Target Templates/UnitKit Bundle.trgttmpl";
			refType = 4;
			sourceTree = "<group>";
		};
		AE8CCFC20680B7D4008CA594 = {
			buildActionMask = 8;
			dstPath = "/Library/Application Support/Apple/Developer Tools/File Templates/Cocoa/Objective-C UnitKit class.pbfiletemplate";
			dstSubfolderSpec = 0;
			files = (
				AE8CCFC40680B80F008CA594,
				AE8CCFC60680B810008CA594,
				AE8CCFC70680B810008CA594,
			);
			isa = PBXCopyFilesBuildPhase;
			runOnlyForDeploymentPostprocessing = 1;
		};
		AE8CCFC30680B7D4008CA594 = {
			buildPhases = (
				AE8CCFC20680B7D4008CA594,
				AE8CD0170680C0AF008CA594,
				AE8CCFCA0680B818008CA594,
			);
			buildSettings = {
				OTHER_CFLAGS = "";
				OTHER_LDFLAGS = "";
				OTHER_REZFLAGS = "";
				PREBINDING = NO;
				PRODUCT_NAME = "Xcode Integration";
				SECTORDER_FLAGS = "";
				WARNING_CFLAGS = "-Wmost -Wno-four-char-constants -Wno-unknown-pragmas";
			};
			dependencies = (
			);
			isa = PBXAggregateTarget;
			name = "Xcode Integration";
			productName = "Xcode Integration";
		};
		AE8CCFC40680B80F008CA594 = {
			fileRef = AE8CCF6A0680B539008CA594;
			isa = PBXBuildFile;
			settings = {
			};
		};
		AE8CCFC50680B80F008CA594 = {
			fileRef = AE8CCF780680B56F008CA594;
			isa = PBXBuildFile;
			settings = {
			};
		};
		AE8CCFC60680B810008CA594 = {
			fileRef = AE8CCF690680B539008CA594;
			isa = PBXBuildFile;
			settings = {
			};
		};
		AE8CCFC70680B810008CA594 = {
			fileRef = AE8CCF680680B539008CA594;
			isa = PBXBuildFile;
			settings = {
			};
		};
		AE8CCFCA0680B818008CA594 = {
			buildActionMask = 8;
			dstPath = "/Library/Application Support/Apple/Developer Tools/Target Templates/Cocoa";
			dstSubfolderSpec = 0;
			files = (
				AE8CCFC50680B80F008CA594,
			);
			isa = PBXCopyFilesBuildPhase;
			runOnlyForDeploymentPostprocessing = 1;
		};
		AE8CCFDF0680B890008CA594 = {
			containerPortal = 0867D690FE84028FC02AAC07;
			isa = PBXContainerItemProxy;
			proxyType = 1;
			remoteGlobalIDString = AE8CCFC30680B7D4008CA594;
			remoteInfo = "Xcode Integration";
		};
		AE8CCFE00680B890008CA594 = {
			isa = PBXTargetDependency;
			target = AE8CCFC30680B7D4008CA594;
			targetProxy = AE8CCFDF0680B890008CA594;
		};
		AE8CD0170680C0AF008CA594 = {
			buildActionMask = 2147483647;
			dstPath = /foo;
			dstSubfolderSpec = 0;
			files = (
			);
			isa = PBXCopyFilesBuildPhase;
			runOnlyForDeploymentPostprocessing = 0;
		};
		AE923A0F05C3B11600549058 = {
			children = (
				AE923B6D05C3B57600549058,
				AE73F21F05F1573200CAFD4D,
				AE613E6705F181AE009B020F,
				AE613E6805F181AE009B020F,
				AEFFFA70060140EB0002576C,
				AE923D8905C3B9EC00549058,
				AE923D8A05C3B9EC00549058,
				AE41F3D106812A3F0044760C,
				AEF570CD05F6E94700FB3F0B,
				AEF570CE05F6E94700FB3F0B,
				32DBCF5E0370ADEE00C91783,
				AE923B6F05C3B62B00549058,
			);
			isa = PBXGroup;
			name = Framework;
			path = "Framework Source";
			refType = 4;
			sourceTree = "<group>";
		};
		AE923B2805C3B1CE00549058 = {
			buildActionMask = 2147483647;
			files = (
				AE70B67105F71E3F00D56367,
			);
			isa = PBXHeadersBuildPhase;
			runOnlyForDeploymentPostprocessing = 0;
		};
		AE923B2905C3B1CE00549058 = {
			buildActionMask = 2147483647;
			files = (
				AE923D8605C3B90100549058,
			);
			isa = PBXSourcesBuildPhase;
			runOnlyForDeploymentPostprocessing = 0;
		};
		AE923B2A05C3B1CE00549058 = {
			buildActionMask = 2147483647;
			files = (
				AE923B6405C3B44600549058,
				AE55498C06C5ACDC005FF2F3,
			);
			isa = PBXFrameworksBuildPhase;
			runOnlyForDeploymentPostprocessing = 0;
		};
		AE923B2B05C3B1CE00549058 = {
			buildPhases = (
				AE923B2805C3B1CE00549058,
				AE923B2905C3B1CE00549058,
				AE923B2A05C3B1CE00549058,
			);
			buildRules = (
			);
			buildSettings = {
				GCC_ENABLE_OBJC_EXCEPTIONS = YES;
				GCC_PRECOMPILE_PREFIX_HEADER = YES;
				GCC_PREFIX_HEADER = Prefix.h;
				GCC_WARN_FOUR_CHARACTER_CONSTANTS = NO;
				GCC_WARN_UNKNOWN_PRAGMAS = NO;
				INSTALL_PATH = /usr/local/bin;
				OTHER_CFLAGS = "";
				OTHER_LDFLAGS = "-framework Foundation -framework AppKit";
				OTHER_REZFLAGS = "";
				PREBINDING = NO;
				PRODUCT_NAME = ukrun;
				SECTORDER_FLAGS = "";
				WARNING_CFLAGS = "-Wmost";
			};
			dependencies = (
				AE923B3905C3B1E900549058,
				AE8CCFE00680B890008CA594,
			);
			isa = PBXNativeTarget;
			name = ukrun;
			productName = ukrun;
			productReference = AE923B2C05C3B1CE00549058;
			productType = "com.apple.product-type.tool";
		};
		AE923B2C05C3B1CE00549058 = {
			explicitFileType = "compiled.mach-o.executable";
			includeInIndex = 0;
			isa = PBXFileReference;
			path = ukrun;
			refType = 3;
			sourceTree = BUILT_PRODUCTS_DIR;
		};
		AE923B3005C3B1DF00549058 = {
			buildActionMask = 2147483647;
			files = (
				AE70B67205F71E3F00D56367,
				AEBEF4B805FAF2910020FB35,
				AEBEF55C05FBEFD10020FB35,
				AEBEF56505FBF8010020FB35,
				AE702C3905FEC7920049C79F,
				AE702CCB05FED1060049C79F,
				AEBED0E106B0589C00451E26,
			);
			isa = PBXHeadersBuildPhase;
			runOnlyForDeploymentPostprocessing = 0;
		};
		AE923B3105C3B1DF00549058 = {
			buildActionMask = 2147483647;
			files = (
			);
			isa = PBXResourcesBuildPhase;
			runOnlyForDeploymentPostprocessing = 0;
		};
		AE923B3205C3B1DF00549058 = {
			buildActionMask = 2147483647;
			files = (
				AEBEF4B905FAF2910020FB35,
				AEBEF55D05FBEFD10020FB35,
				AEBEF56605FBF8010020FB35,
				AE702C3A05FEC7920049C79F,
				AE702CCC05FED1060049C79F,
				AEBED0E306B058A100451E26,
			);
			isa = PBXSourcesBuildPhase;
			runOnlyForDeploymentPostprocessing = 0;
		};
		AE923B3305C3B1DF00549058 = {
			buildActionMask = 2147483647;
			files = (
			);
			isa = PBXRezBuildPhase;
			runOnlyForDeploymentPostprocessing = 0;
		};
		AE923B3405C3B1DF00549058 = {
			buildActionMask = 2147483647;
			files = (
				AE923B6505C3B44C00549058,
				AEBED0CD06B04ECD00451E26,
				AE55498D06C5ACDC005FF2F3,
			);
			isa = PBXFrameworksBuildPhase;
			runOnlyForDeploymentPostprocessing = 0;
		};
		AE923B3505C3B1DF00549058 = {
			buildPhases = (
				AE923B3005C3B1DF00549058,
				AE923B3105C3B1DF00549058,
				AE923B3205C3B1DF00549058,
				AE923B3305C3B1DF00549058,
				AE923B3405C3B1DF00549058,
				AE43DAFC05C4DC7C00B9DFA5,
			);
			buildRules = (
			);
			buildSettings = {
				FRAMEWORK_SEARCH_PATHS = "";
				GCC_ENABLE_OBJC_EXCEPTIONS = YES;
				GCC_PRECOMPILE_PREFIX_HEADER = YES;
				GCC_PREFIX_HEADER = Prefix.h;
				GCC_WARN_FOUR_CHARACTER_CONSTANTS = NO;
				GCC_WARN_UNKNOWN_PRAGMAS = NO;
				INFOPLIST_FILE = "Test Source/UnitKitTests/Info.plist";
				INSTALL_PATH = "$(USER_LIBRARY_DIR)/Bundles";
				OTHER_CFLAGS = "";
				OTHER_LDFLAGS = "-framework Carbon";
				OTHER_REZFLAGS = "";
				PRODUCT_NAME = UnitKitTests;
				REZ_EXECUTABLE = NO;
				SECTORDER_FLAGS = "";
				WARNING_CFLAGS = "-Wmost";
				WRAPPER_EXTENSION = bundle;
			};
			dependencies = (
				AE923B3B05C3B1ED00549058,
				AE923B3D05C3B1F300549058,
				AE70B65D05F7101600D56367,
				AEBED02C06AFAE9E00451E26,
			);
			isa = PBXNativeTarget;
			name = UnitKitTests;
			productName = UnitKitTests;
			productReference = AE923B3605C3B1DF00549058;
			productSettingsXML = "<?xml version=\"1.0\" encoding=\"UTF-8\"?>
<!DOCTYPE plist PUBLIC \"-//Apple Computer//DTD PLIST 1.0//EN\" \"http://www.apple.com/DTDs/PropertyList-1.0.dtd\">
<plist version=\"1.0\">
<dict>
	<key>CFBundleDevelopmentRegion</key>
	<string>English</string>
	<key>CFBundleExecutable</key>
	<string>UnitKitTests</string>
	<key>CFBundleGetInfoString</key>
	<string></string>
	<key>CFBundleIconFile</key>
	<string></string>
	<key>CFBundleIdentifier</key>
	<string>com.MySoftwareCompany.UnitKitTests</string>
	<key>CFBundleInfoDictionaryVersion</key>
	<string>6.0</string>
	<key>CFBundlePackageType</key>
	<string>APPL</string>
	<key>CFBundleShortVersionString</key>
	<string>1</string>
	<key>CFBundleSignature</key>
	<string>????</string>
	<key>CFBundleVersion</key>
	<string>1.0.0d1</string>
	<key>CSResourcesFileMapped</key>
	<string>yes</string>
</dict>
</plist>
";
			productType = "com.apple.product-type.bundle";
		};
		AE923B3605C3B1DF00549058 = {
			explicitFileType = wrapper.cfbundle;
			includeInIndex = 0;
			isa = PBXFileReference;
			path = UnitKitTests.bundle;
			refType = 3;
			sourceTree = BUILT_PRODUCTS_DIR;
		};
		AE923B3705C3B1DF00549058 = {
			isa = PBXFileReference;
			lastKnownFileType = text.xml;
			name = Info.plist;
			path = "Test Source/UnitKitTests/Info.plist";
			refType = 2;
			sourceTree = SOURCE_ROOT;
		};
		AE923B3805C3B1E900549058 = {
			containerPortal = 0867D690FE84028FC02AAC07;
			isa = PBXContainerItemProxy;
			proxyType = 1;
			remoteGlobalIDString = 8DC2EF4F0486A6940098B216;
			remoteInfo = UnitKit;
		};
		AE923B3905C3B1E900549058 = {
			isa = PBXTargetDependency;
			target = 8DC2EF4F0486A6940098B216;
			targetProxy = AE923B3805C3B1E900549058;
		};
		AE923B3A05C3B1ED00549058 = {
			containerPortal = 0867D690FE84028FC02AAC07;
			isa = PBXContainerItemProxy;
			proxyType = 1;
			remoteGlobalIDString = 8DC2EF4F0486A6940098B216;
			remoteInfo = UnitKit;
		};
		AE923B3B05C3B1ED00549058 = {
			isa = PBXTargetDependency;
			target = 8DC2EF4F0486A6940098B216;
			targetProxy = AE923B3A05C3B1ED00549058;
		};
		AE923B3C05C3B1F300549058 = {
			containerPortal = 0867D690FE84028FC02AAC07;
			isa = PBXContainerItemProxy;
			proxyType = 1;
			remoteGlobalIDString = AE923B2B05C3B1CE00549058;
			remoteInfo = ukrun;
		};
		AE923B3D05C3B1F300549058 = {
			isa = PBXTargetDependency;
			target = AE923B2B05C3B1CE00549058;
			targetProxy = AE923B3C05C3B1F300549058;
		};
		AE923B4E05C3B33400549058 = {
			children = (
				AE923B3705C3B1DF00549058,
				AE702CC905FED1060049C79F,
				AE702CCA05FED1060049C79F,
				AEBEF4B605FAF2910020FB35,
				AEBEF4B705FAF2910020FB35,
				AEBEF55A05FBEFD10020FB35,
				AEBEF55B05FBEFD10020FB35,
				AEBEF56305FBF8010020FB35,
				AEBEF56405FBF8010020FB35,
				AE702C3705FEC7920049C79F,
				AE702C3805FEC7920049C79F,
				AE39C80605FBFF7F0011F066,
				AE39C80705FBFF7F0011F066,
				AEBED04C06AFB1AB00451E26,
				AEBED04D06AFB1AC00451E26,
			);
			isa = PBXGroup;
			name = UnitKitTests;
			path = "Test Source/UnitKitTests";
			refType = 4;
			sourceTree = "<group>";
		};
		AE923B5B05C3B3A900549058 = {
			children = (
				AE923D8505C3B90100549058,
			);
			isa = PBXGroup;
			name = "ukrun Tool";
			path = "Tool Source";
			refType = 4;
			sourceTree = "<group>";
		};
		AE923B6405C3B44600549058 = {
			fileRef = 8DC2EF5B0486A6940098B216;
			isa = PBXBuildFile;
			settings = {
			};
		};
		AE923B6505C3B44C00549058 = {
			fileRef = 8DC2EF5B0486A6940098B216;
			isa = PBXBuildFile;
			settings = {
			};
		};
		AE923B6D05C3B57600549058 = {
			fileEncoding = 4;
			isa = PBXFileReference;
			lastKnownFileType = sourcecode.c.h;
			path = UnitKit.h;
			refType = 4;
			sourceTree = "<group>";
		};
		AE923B6E05C3B57600549058 = {
			fileRef = AE923B6D05C3B57600549058;
			isa = PBXBuildFile;
			settings = {
				ATTRIBUTES = (
					Public,
				);
			};
		};
		AE923B6F05C3B62B00549058 = {
			children = (
				AE923B7005C3B62B00549058,
			);
			isa = PBXVariantGroup;
			name = InfoPlist.strings;
			path = "";
			refType = 4;
			sourceTree = "<group>";
		};
		AE923B7005C3B62B00549058 = {
			fileEncoding = 30;
			isa = PBXFileReference;
			lastKnownFileType = text.plist.strings;
			name = English;
			path = English.lproj/InfoPlist.strings;
			refType = 4;
			sourceTree = "<group>";
		};
		AE923B7105C3B62B00549058 = {
			fileRef = AE923B6F05C3B62B00549058;
			isa = PBXBuildFile;
			settings = {
			};
		};
		AE923D8505C3B90100549058 = {
			fileEncoding = 4;
			isa = PBXFileReference;
			lastKnownFileType = sourcecode.c.objc;
			path = main.m;
			refType = 4;
			sourceTree = "<group>";
		};
		AE923D8605C3B90100549058 = {
			fileRef = AE923D8505C3B90100549058;
			isa = PBXBuildFile;
			settings = {
			};
		};
		AE923D8905C3B9EC00549058 = {
			fileEncoding = 4;
			isa = PBXFileReference;
			lastKnownFileType = sourcecode.c.h;
			path = UKRunner.h;
			refType = 4;
			sourceTree = "<group>";
		};
		AE923D8A05C3B9EC00549058 = {
			fileEncoding = 4;
			isa = PBXFileReference;
			lastKnownFileType = sourcecode.c.objc;
			path = UKRunner.m;
			refType = 4;
			sourceTree = "<group>";
		};
		AE923D8B05C3B9EC00549058 = {
			fileRef = AE923D8905C3B9EC00549058;
			isa = PBXBuildFile;
			settings = {
				ATTRIBUTES = (
					Public,
				);
			};
		};
		AE923D8C05C3B9EC00549058 = {
			fileRef = AE923D8A05C3B9EC00549058;
			isa = PBXBuildFile;
			settings = {
			};
		};
		AEA6373D06D16EAE004DF854 = {
			fileEncoding = 30;
			isa = PBXFileReference;
			lastKnownFileType = text;
			path = README.txt;
			refType = 4;
			sourceTree = "<group>";
		};
		AEBED01406AFADB000451E26 = {
			buildActionMask = 2147483647;
			files = (
				AEBED02906AFAE7800451E26,
			);
			isa = PBXHeadersBuildPhase;
			runOnlyForDeploymentPostprocessing = 0;
		};
		AEBED01506AFADB000451E26 = {
			buildActionMask = 2147483647;
			files = (
			);
			isa = PBXResourcesBuildPhase;
			runOnlyForDeploymentPostprocessing = 0;
		};
		AEBED01606AFADB000451E26 = {
			buildActionMask = 2147483647;
			files = (
				AEBED02A06AFAE7800451E26,
			);
			isa = PBXSourcesBuildPhase;
			runOnlyForDeploymentPostprocessing = 0;
		};
		AEBED01706AFADB000451E26 = {
			buildActionMask = 2147483647;
			files = (
				AE55498F06C5ACDC005FF2F3,
			);
			isa = PBXFrameworksBuildPhase;
			runOnlyForDeploymentPostprocessing = 0;
		};
		AEBED01806AFADB000451E26 = {
			buildPhases = (
				AEBED01406AFADB000451E26,
				AEBED01506AFADB000451E26,
				AEBED01606AFADB000451E26,
				AEBED01706AFADB000451E26,
			);
			buildRules = (
			);
			buildSettings = {
				DEPLOYMENT_LOCATION = NO;
				DYLIB_COMPATIBILITY_VERSION = 1;
				DYLIB_CURRENT_VERSION = 1;
				FRAMEWORK_VERSION = A;
				GCC_PRECOMPILE_PREFIX_HEADER = YES;
				GCC_PREFIX_HEADER = "$(SYSTEM_LIBRARY_DIR)/Frameworks/AppKit.framework/Headers/AppKit.h";
				INFOPLIST_FILE = "Test Source/TestEmbeddedFramework/Info.plist";
				INSTALL_PATH = "@executable_path/../Frameworks";
				OTHER_CFLAGS = "";
				OTHER_LDFLAGS = "-framework Foundation -framework AppKit";
				OTHER_REZFLAGS = "";
				PRODUCT_NAME = TestEmbeddedFramework;
				SECTORDER_FLAGS = "";
				WARNING_CFLAGS = "-Wmost -Wno-four-char-constants -Wno-unknown-pragmas";
			};
			dependencies = (
			);
			isa = PBXNativeTarget;
			name = TestEmbeddedFramework;
			productName = TestEmbeddedFramework;
			productReference = AEBED01906AFADB000451E26;
			productSettingsXML = "<?xml version=\"1.0\" encoding=\"UTF-8\"?>
<!DOCTYPE plist PUBLIC \"-//Apple Computer//DTD PLIST 1.0//EN\" \"http://www.apple.com/DTDs/PropertyList-1.0.dtd\">
<plist version=\"1.0\">
<dict>
	<key>CFBundleDevelopmentRegion</key>
	<string>English</string>
	<key>CFBundleExecutable</key>
	<string>TestEmbeddedFramework</string>
	<key>CFBundleIdentifier</key>
	<string>com.yourcompany.TestEmbeddedFramework</string>
	<key>CFBundleInfoDictionaryVersion</key>
	<string>6.0</string>
	<key>CFBundlePackageType</key>
	<string>FMWK</string>
	<key>CFBundleSignature</key>
	<string>????</string>
	<key>CFBundleVersion</key>
	<string>1.0</string>
</dict>
</plist>
";
			productType = "com.apple.product-type.framework";
		};
		AEBED01906AFADB000451E26 = {
			explicitFileType = wrapper.framework;
			includeInIndex = 0;
			isa = PBXFileReference;
			path = TestEmbeddedFramework.framework;
			refType = 3;
			sourceTree = BUILT_PRODUCTS_DIR;
		};
		AEBED01A06AFADB000451E26 = {
			isa = PBXFileReference;
			lastKnownFileType = text.xml;
			name = Info.plist;
			path = "Test Source/TestEmbeddedFramework/Info.plist";
			refType = 2;
			sourceTree = SOURCE_ROOT;
		};
		AEBED01E06AFADBE00451E26 = {
			children = (
				AEBED02706AFAE7800451E26,
				AEBED02806AFAE7800451E26,
				AEBED01A06AFADB000451E26,
			);
			isa = PBXGroup;
			name = TestEmbeddedFramework;
			path = "Test Source/TestEmbeddedFramework";
			refType = 4;
			sourceTree = "<group>";
		};
		AEBED02706AFAE7800451E26 = {
			fileEncoding = 4;
			isa = PBXFileReference;
			lastKnownFileType = sourcecode.c.h;
			path = TestClass.h;
			refType = 4;
			sourceTree = "<group>";
		};
		AEBED02806AFAE7800451E26 = {
			fileEncoding = 4;
			isa = PBXFileReference;
			lastKnownFileType = sourcecode.c.objc;
			path = TestClass.m;
			refType = 4;
			sourceTree = "<group>";
		};
		AEBED02906AFAE7800451E26 = {
			fileRef = AEBED02706AFAE7800451E26;
			isa = PBXBuildFile;
			settings = {
				ATTRIBUTES = (
					Public,
				);
			};
		};
		AEBED02A06AFAE7800451E26 = {
			fileRef = AEBED02806AFAE7800451E26;
			isa = PBXBuildFile;
			settings = {
			};
		};
		AEBED02B06AFAE9E00451E26 = {
			containerPortal = 0867D690FE84028FC02AAC07;
			isa = PBXContainerItemProxy;
			proxyType = 1;
			remoteGlobalIDString = AEBED01806AFADB000451E26;
			remoteInfo = TestEmbeddedFramework;
		};
		AEBED02C06AFAE9E00451E26 = {
			isa = PBXTargetDependency;
			target = AEBED01806AFADB000451E26;
			targetProxy = AEBED02B06AFAE9E00451E26;
		};
		AEBED04C06AFB1AB00451E26 = {
			fileEncoding = 4;
			isa = PBXFileReference;
			lastKnownFileType = sourcecode.c.h;
			path = UKTestEmbeddedFramework.h;
			refType = 4;
			sourceTree = "<group>";
		};
		AEBED04D06AFB1AC00451E26 = {
			fileEncoding = 4;
			isa = PBXFileReference;
			lastKnownFileType = sourcecode.c.objc;
			path = UKTestEmbeddedFramework.m;
			refType = 4;
			sourceTree = "<group>";
		};
		AEBED0CD06B04ECD00451E26 = {
			fileRef = AEBED01906AFADB000451E26;
			isa = PBXBuildFile;
			settings = {
			};
		};
		AEBED0E106B0589C00451E26 = {
			fileRef = AEBED04C06AFB1AB00451E26;
			isa = PBXBuildFile;
			settings = {
			};
		};
		AEBED0E306B058A100451E26 = {
			fileRef = AEBED04D06AFB1AC00451E26;
			isa = PBXBuildFile;
			settings = {
			};
		};
		AEBED16806B0603600451E26 = {
			fileEncoding = 30;
			isa = PBXFileReference;
			lastKnownFileType = text;
			path = NOTICE;
			refType = 4;
			sourceTree = "<group>";
		};
		AEBED16906B0603600451E26 = {
			fileRef = AEBED16806B0603600451E26;
			isa = PBXBuildFile;
			settings = {
			};
		};
		AEBEF4B605FAF2910020FB35 = {
			fileEncoding = 4;
			isa = PBXFileReference;
			lastKnownFileType = sourcecode.c.h;
			path = UKTestMacros.h;
			refType = 4;
			sourceTree = "<group>";
		};
		AEBEF4B705FAF2910020FB35 = {
			fileEncoding = 4;
			isa = PBXFileReference;
			lastKnownFileType = sourcecode.c.objc;
			path = UKTestMacros.m;
			refType = 4;
			sourceTree = "<group>";
		};
		AEBEF4B805FAF2910020FB35 = {
			fileRef = AEBEF4B605FAF2910020FB35;
			isa = PBXBuildFile;
			settings = {
			};
		};
		AEBEF4B905FAF2910020FB35 = {
			fileRef = AEBEF4B705FAF2910020FB35;
			isa = PBXBuildFile;
			settings = {
			};
		};
		AEBEF55A05FBEFD10020FB35 = {
			fileEncoding = 4;
			isa = PBXFileReference;
			lastKnownFileType = sourcecode.c.h;
			path = UKTestLineNumbers.h;
			refType = 4;
			sourceTree = "<group>";
		};
		AEBEF55B05FBEFD10020FB35 = {
			fileEncoding = 4;
			isa = PBXFileReference;
			lastKnownFileType = sourcecode.c.objc;
			path = UKTestLineNumbers.m;
			refType = 4;
			sourceTree = "<group>";
		};
		AEBEF55C05FBEFD10020FB35 = {
			fileRef = AEBEF55A05FBEFD10020FB35;
			isa = PBXBuildFile;
			settings = {
			};
		};
		AEBEF55D05FBEFD10020FB35 = {
			fileRef = AEBEF55B05FBEFD10020FB35;
			isa = PBXBuildFile;
			settings = {
			};
		};
		AEBEF56305FBF8010020FB35 = {
			fileEncoding = 4;
			isa = PBXFileReference;
			lastKnownFileType = sourcecode.c.h;
			path = UKTestFileNames.h;
			refType = 4;
			sourceTree = "<group>";
		};
		AEBEF56405FBF8010020FB35 = {
			fileEncoding = 4;
			isa = PBXFileReference;
			lastKnownFileType = sourcecode.c.objc;
			path = UKTestFileNames.m;
			refType = 4;
			sourceTree = "<group>";
		};
		AEBEF56505FBF8010020FB35 = {
			fileRef = AEBEF56305FBF8010020FB35;
			isa = PBXBuildFile;
			settings = {
			};
		};
		AEBEF56605FBF8010020FB35 = {
			fileRef = AEBEF56405FBF8010020FB35;
			isa = PBXBuildFile;
			settings = {
			};
		};
		AEEB74D006B1BEFD00BE53E8 = {
			fileEncoding = 4;
			isa = PBXFileReference;
			lastKnownFileType = text;
			path = LICENSE;
			refType = 4;
			sourceTree = "<group>";
		};
		AEEB74D106B1BEFD00BE53E8 = {
			fileRef = AEEB74D006B1BEFD00BE53E8;
			isa = PBXBuildFile;
			settings = {
			};
		};
		AEF570CD05F6E94700FB3F0B = {
			fileEncoding = 4;
			isa = PBXFileReference;
			lastKnownFileType = sourcecode.c.h;
			path = UKTask.h;
			refType = 4;
			sourceTree = "<group>";
		};
		AEF570CE05F6E94700FB3F0B = {
			fileEncoding = 4;
			isa = PBXFileReference;
			lastKnownFileType = sourcecode.c.objc;
			path = UKTask.m;
			refType = 4;
			sourceTree = "<group>";
		};
		AEFFFA67060140E50002576C = {
			fileEncoding = 4;
			isa = PBXFileReference;
			lastKnownFileType = text.plist.strings;
			name = English;
			path = English.lproj/UKTestHandler.strings;
			refType = 4;
			sourceTree = "<group>";
		};
		AEFFFA70060140EB0002576C = {
			children = (
				AEFFFA67060140E50002576C,
			);
			isa = PBXVariantGroup;
			name = UKTestHandler.strings;
			refType = 4;
			sourceTree = "<group>";
		};
		AEFFFA71060140EB0002576C = {
			fileRef = AEFFFA70060140EB0002576C;
			isa = PBXBuildFile;
			settings = {
			};
		};
	};
	rootObject = 0867D690FE84028FC02AAC07;
}
